// !$*UTF8*$!
{
	archiveVersion = 1;
	classes = {
	};
	objectVersion = 46;
	objects = {

/* Begin PBXBuildFile section */
		3FCB1A721C96742100C11B2B /* AppDelegate.swift in Sources */ = {isa = PBXBuildFile; fileRef = 3FCB1A711C96742100C11B2B /* AppDelegate.swift */; };
		3FCB1A741C96742100C11B2B /* ViewController.swift in Sources */ = {isa = PBXBuildFile; fileRef = 3FCB1A731C96742100C11B2B /* ViewController.swift */; };
		3FCB1A771C96742100C11B2B /* Main.storyboard in Resources */ = {isa = PBXBuildFile; fileRef = 3FCB1A751C96742100C11B2B /* Main.storyboard */; };
		3FCB1A7A1C96742100C11B2B /* PushUpUsedCoreData.xcdatamodeld in Sources */ = {isa = PBXBuildFile; fileRef = 3FCB1A781C96742100C11B2B /* PushUpUsedCoreData.xcdatamodeld */; };
		3FCB1A7C1C96742100C11B2B /* Assets.xcassets in Resources */ = {isa = PBXBuildFile; fileRef = 3FCB1A7B1C96742100C11B2B /* Assets.xcassets */; };
		3FCB1A7F1C96742100C11B2B /* LaunchScreen.storyboard in Resources */ = {isa = PBXBuildFile; fileRef = 3FCB1A7D1C96742100C11B2B /* LaunchScreen.storyboard */; };
		3FCB1A8A1C96742100C11B2B /* PushUpUsedCoreDataTests.swift in Sources */ = {isa = PBXBuildFile; fileRef = 3FCB1A891C96742100C11B2B /* PushUpUsedCoreDataTests.swift */; };
		3FCB1A951C96742100C11B2B /* PushUpUsedCoreDataUITests.swift in Sources */ = {isa = PBXBuildFile; fileRef = 3FCB1A941C96742100C11B2B /* PushUpUsedCoreDataUITests.swift */; };
		3FCB1AA31C96744800C11B2B /* ScreenView.swift in Sources */ = {isa = PBXBuildFile; fileRef = 3FCB1AA21C96744800C11B2B /* ScreenView.swift */; };
		3FCB1AA51C96746100C11B2B /* MTAutoLayout.swift in Sources */ = {isa = PBXBuildFile; fileRef = 3FCB1AA41C96746100C11B2B /* MTAutoLayout.swift */; };
		3FCB1AA71C96750700C11B2B /* learnenglish.mp3 in Resources */ = {isa = PBXBuildFile; fileRef = 3FCB1AA61C96750700C11B2B /* learnenglish.mp3 */; };
		3FCB1AA91C96750D00C11B2B /* Ka-Ching.wav in Resources */ = {isa = PBXBuildFile; fileRef = 3FCB1AA81C96750D00C11B2B /* Ka-Ching.wav */; };
		3FCB1AAB1C96751100C11B2B /* Drip.wav in Resources */ = {isa = PBXBuildFile; fileRef = 3FCB1AAA1C96751100C11B2B /* Drip.wav */; };
		3FCB1AAE1C96756A00C11B2B /* TurnEntity+CoreDataProperties.swift in Sources */ = {isa = PBXBuildFile; fileRef = 3FCB1AAC1C96756A00C11B2B /* TurnEntity+CoreDataProperties.swift */; };
		3FCB1AAF1C96756A00C11B2B /* TurnEntity.swift in Sources */ = {isa = PBXBuildFile; fileRef = 3FCB1AAD1C96756A00C11B2B /* TurnEntity.swift */; };
		3FCB1AB11C96761B00C11B2B /* HistoryTVC.swift in Sources */ = {isa = PBXBuildFile; fileRef = 3FCB1AB01C96761B00C11B2B /* HistoryTVC.swift */; };
		DCB2E3BD1CB7536C00A3A0E0 /* Alert.swift in Sources */ = {isa = PBXBuildFile; fileRef = DCB2E3BC1CB7536C00A3A0E0 /* Alert.swift */; };
/* End PBXBuildFile section */

/* Begin PBXContainerItemProxy section */
		3FCB1A861C96742100C11B2B /* PBXContainerItemProxy */ = {
			isa = PBXContainerItemProxy;
			containerPortal = 3FCB1A661C96742100C11B2B /* Project object */;
			proxyType = 1;
			remoteGlobalIDString = 3FCB1A6D1C96742100C11B2B;
			remoteInfo = PushUpUsedCoreData;
		};
		3FCB1A911C96742100C11B2B /* PBXContainerItemProxy */ = {
			isa = PBXContainerItemProxy;
			containerPortal = 3FCB1A661C96742100C11B2B /* Project object */;
			proxyType = 1;
			remoteGlobalIDString = 3FCB1A6D1C96742100C11B2B;
			remoteInfo = PushUpUsedCoreData;
		};
/* End PBXContainerItemProxy section */

/* Begin PBXFileReference section */
		3FCB1A6E1C96742100C11B2B /* PushUpUsedCoreData.app */ = {isa = PBXFileReference; explicitFileType = wrapper.application; includeInIndex = 0; path = PushUpUsedCoreData.app; sourceTree = BUILT_PRODUCTS_DIR; };
		3FCB1A711C96742100C11B2B /* AppDelegate.swift */ = {isa = PBXFileReference; lastKnownFileType = sourcecode.swift; path = AppDelegate.swift; sourceTree = "<group>"; };
		3FCB1A731C96742100C11B2B /* ViewController.swift */ = {isa = PBXFileReference; lastKnownFileType = sourcecode.swift; path = ViewController.swift; sourceTree = "<group>"; };
		3FCB1A761C96742100C11B2B /* Base */ = {isa = PBXFileReference; lastKnownFileType = file.storyboard; name = Base; path = Base.lproj/Main.storyboard; sourceTree = "<group>"; };
		3FCB1A791C96742100C11B2B /* PushUpUsedCoreData.xcdatamodel */ = {isa = PBXFileReference; lastKnownFileType = wrapper.xcdatamodel; path = PushUpUsedCoreData.xcdatamodel; sourceTree = "<group>"; };
		3FCB1A7B1C96742100C11B2B /* Assets.xcassets */ = {isa = PBXFileReference; lastKnownFileType = folder.assetcatalog; path = Assets.xcassets; sourceTree = "<group>"; };
		3FCB1A7E1C96742100C11B2B /* Base */ = {isa = PBXFileReference; lastKnownFileType = file.storyboard; name = Base; path = Base.lproj/LaunchScreen.storyboard; sourceTree = "<group>"; };
		3FCB1A801C96742100C11B2B /* Info.plist */ = {isa = PBXFileReference; lastKnownFileType = text.plist.xml; path = Info.plist; sourceTree = "<group>"; };
		3FCB1A851C96742100C11B2B /* PushUpUsedCoreDataTests.xctest */ = {isa = PBXFileReference; explicitFileType = wrapper.cfbundle; includeInIndex = 0; path = PushUpUsedCoreDataTests.xctest; sourceTree = BUILT_PRODUCTS_DIR; };
		3FCB1A891C96742100C11B2B /* PushUpUsedCoreDataTests.swift */ = {isa = PBXFileReference; lastKnownFileType = sourcecode.swift; path = PushUpUsedCoreDataTests.swift; sourceTree = "<group>"; };
		3FCB1A8B1C96742100C11B2B /* Info.plist */ = {isa = PBXFileReference; lastKnownFileType = text.plist.xml; path = Info.plist; sourceTree = "<group>"; };
		3FCB1A901C96742100C11B2B /* PushUpUsedCoreDataUITests.xctest */ = {isa = PBXFileReference; explicitFileType = wrapper.cfbundle; includeInIndex = 0; path = PushUpUsedCoreDataUITests.xctest; sourceTree = BUILT_PRODUCTS_DIR; };
		3FCB1A941C96742100C11B2B /* PushUpUsedCoreDataUITests.swift */ = {isa = PBXFileReference; lastKnownFileType = sourcecode.swift; path = PushUpUsedCoreDataUITests.swift; sourceTree = "<group>"; };
		3FCB1A961C96742100C11B2B /* Info.plist */ = {isa = PBXFileReference; lastKnownFileType = text.plist.xml; path = Info.plist; sourceTree = "<group>"; };
		3FCB1AA21C96744800C11B2B /* ScreenView.swift */ = {isa = PBXFileReference; fileEncoding = 4; lastKnownFileType = sourcecode.swift; path = ScreenView.swift; sourceTree = "<group>"; };
		3FCB1AA41C96746100C11B2B /* MTAutoLayout.swift */ = {isa = PBXFileReference; fileEncoding = 4; lastKnownFileType = sourcecode.swift; path = MTAutoLayout.swift; sourceTree = "<group>"; };
		3FCB1AA61C96750700C11B2B /* learnenglish.mp3 */ = {isa = PBXFileReference; lastKnownFileType = audio.mp3; path = learnenglish.mp3; sourceTree = "<group>"; };
		3FCB1AA81C96750D00C11B2B /* Ka-Ching.wav */ = {isa = PBXFileReference; lastKnownFileType = audio.wav; path = "Ka-Ching.wav"; sourceTree = "<group>"; };
		3FCB1AAA1C96751100C11B2B /* Drip.wav */ = {isa = PBXFileReference; lastKnownFileType = audio.wav; path = Drip.wav; sourceTree = "<group>"; };
		3FCB1AAC1C96756A00C11B2B /* TurnEntity+CoreDataProperties.swift */ = {isa = PBXFileReference; fileEncoding = 4; lastKnownFileType = sourcecode.swift; name = "TurnEntity+CoreDataProperties.swift"; path = "../TurnEntity+CoreDataProperties.swift"; sourceTree = "<group>"; };
		3FCB1AAD1C96756A00C11B2B /* TurnEntity.swift */ = {isa = PBXFileReference; fileEncoding = 4; lastKnownFileType = sourcecode.swift; name = TurnEntity.swift; path = ../TurnEntity.swift; sourceTree = "<group>"; };
		3FCB1AB01C96761B00C11B2B /* HistoryTVC.swift */ = {isa = PBXFileReference; fileEncoding = 4; lastKnownFileType = sourcecode.swift; path = HistoryTVC.swift; sourceTree = "<group>"; };
		DCB2E3BC1CB7536C00A3A0E0 /* Alert.swift */ = {isa = PBXFileReference; fileEncoding = 4; lastKnownFileType = sourcecode.swift; path = Alert.swift; sourceTree = "<group>"; };
/* End PBXFileReference section */

/* Begin PBXFrameworksBuildPhase section */
		3FCB1A6B1C96742100C11B2B /* Frameworks */ = {
			isa = PBXFrameworksBuildPhase;
			buildActionMask = 2147483647;
			files = (
			);
			runOnlyForDeploymentPostprocessing = 0;
		};
		3FCB1A821C96742100C11B2B /* Frameworks */ = {
			isa = PBXFrameworksBuildPhase;
			buildActionMask = 2147483647;
			files = (
			);
			runOnlyForDeploymentPostprocessing = 0;
		};
		3FCB1A8D1C96742100C11B2B /* Frameworks */ = {
			isa = PBXFrameworksBuildPhase;
			buildActionMask = 2147483647;
			files = (
			);
			runOnlyForDeploymentPostprocessing = 0;
		};
/* End PBXFrameworksBuildPhase section */

/* Begin PBXGroup section */
		3FCB1A651C96742100C11B2B = {
			isa = PBXGroup;
			children = (
				3FCB1A701C96742100C11B2B /* PushUpUsedCoreData */,
				3FCB1A881C96742100C11B2B /* PushUpUsedCoreDataTests */,
				3FCB1A931C96742100C11B2B /* PushUpUsedCoreDataUITests */,
				3FCB1A6F1C96742100C11B2B /* Products */,
			);
			sourceTree = "<group>";
		};
		3FCB1A6F1C96742100C11B2B /* Products */ = {
			isa = PBXGroup;
			children = (
				3FCB1A6E1C96742100C11B2B /* PushUpUsedCoreData.app */,
				3FCB1A851C96742100C11B2B /* PushUpUsedCoreDataTests.xctest */,
				3FCB1A901C96742100C11B2B /* PushUpUsedCoreDataUITests.xctest */,
			);
			name = Products;
			sourceTree = "<group>";
		};
		3FCB1A701C96742100C11B2B /* PushUpUsedCoreData */ = {
			isa = PBXGroup;
			children = (
				3FCB1A711C96742100C11B2B /* AppDelegate.swift */,
				3FCB1A731C96742100C11B2B /* ViewController.swift */,
				3FCB1AA21C96744800C11B2B /* ScreenView.swift */,
				DCB2E3BC1CB7536C00A3A0E0 /* Alert.swift */,
				3FCB1AA41C96746100C11B2B /* MTAutoLayout.swift */,
				3FCB1A751C96742100C11B2B /* Main.storyboard */,
				3FCB1AB01C96761B00C11B2B /* HistoryTVC.swift */,
				3FCB1AA81C96750D00C11B2B /* Ka-Ching.wav */,
				3FCB1AAA1C96751100C11B2B /* Drip.wav */,
				3FCB1AA61C96750700C11B2B /* learnenglish.mp3 */,
				3FCB1AAC1C96756A00C11B2B /* TurnEntity+CoreDataProperties.swift */,
				3FCB1AAD1C96756A00C11B2B /* TurnEntity.swift */,
				3FCB1A7B1C96742100C11B2B /* Assets.xcassets */,
				3FCB1A7D1C96742100C11B2B /* LaunchScreen.storyboard */,
				3FCB1A801C96742100C11B2B /* Info.plist */,
				3FCB1A781C96742100C11B2B /* PushUpUsedCoreData.xcdatamodeld */,
			);
			path = PushUpUsedCoreData;
			sourceTree = "<group>";
		};
		3FCB1A881C96742100C11B2B /* PushUpUsedCoreDataTests */ = {
			isa = PBXGroup;
			children = (
				3FCB1A891C96742100C11B2B /* PushUpUsedCoreDataTests.swift */,
				3FCB1A8B1C96742100C11B2B /* Info.plist */,
			);
			path = PushUpUsedCoreDataTests;
			sourceTree = "<group>";
		};
		3FCB1A931C96742100C11B2B /* PushUpUsedCoreDataUITests */ = {
			isa = PBXGroup;
			children = (
				3FCB1A941C96742100C11B2B /* PushUpUsedCoreDataUITests.swift */,
				3FCB1A961C96742100C11B2B /* Info.plist */,
			);
			path = PushUpUsedCoreDataUITests;
			sourceTree = "<group>";
		};
/* End PBXGroup section */

/* Begin PBXNativeTarget section */
		3FCB1A6D1C96742100C11B2B /* PushUpUsedCoreData */ = {
			isa = PBXNativeTarget;
			buildConfigurationList = 3FCB1A991C96742100C11B2B /* Build configuration list for PBXNativeTarget "PushUpUsedCoreData" */;
			buildPhases = (
				3FCB1A6A1C96742100C11B2B /* Sources */,
				3FCB1A6B1C96742100C11B2B /* Frameworks */,
				3FCB1A6C1C96742100C11B2B /* Resources */,
			);
			buildRules = (
			);
			dependencies = (
			);
			name = PushUpUsedCoreData;
			productName = PushUpUsedCoreData;
			productReference = 3FCB1A6E1C96742100C11B2B /* PushUpUsedCoreData.app */;
			productType = "com.apple.product-type.application";
		};
		3FCB1A841C96742100C11B2B /* PushUpUsedCoreDataTests */ = {
			isa = PBXNativeTarget;
			buildConfigurationList = 3FCB1A9C1C96742100C11B2B /* Build configuration list for PBXNativeTarget "PushUpUsedCoreDataTests" */;
			buildPhases = (
				3FCB1A811C96742100C11B2B /* Sources */,
				3FCB1A821C96742100C11B2B /* Frameworks */,
				3FCB1A831C96742100C11B2B /* Resources */,
			);
			buildRules = (
			);
			dependencies = (
				3FCB1A871C96742100C11B2B /* PBXTargetDependency */,
			);
			name = PushUpUsedCoreDataTests;
			productName = PushUpUsedCoreDataTests;
			productReference = 3FCB1A851C96742100C11B2B /* PushUpUsedCoreDataTests.xctest */;
			productType = "com.apple.product-type.bundle.unit-test";
		};
		3FCB1A8F1C96742100C11B2B /* PushUpUsedCoreDataUITests */ = {
			isa = PBXNativeTarget;
			buildConfigurationList = 3FCB1A9F1C96742100C11B2B /* Build configuration list for PBXNativeTarget "PushUpUsedCoreDataUITests" */;
			buildPhases = (
				3FCB1A8C1C96742100C11B2B /* Sources */,
				3FCB1A8D1C96742100C11B2B /* Frameworks */,
				3FCB1A8E1C96742100C11B2B /* Resources */,
			);
			buildRules = (
			);
			dependencies = (
				3FCB1A921C96742100C11B2B /* PBXTargetDependency */,
			);
			name = PushUpUsedCoreDataUITests;
			productName = PushUpUsedCoreDataUITests;
			productReference = 3FCB1A901C96742100C11B2B /* PushUpUsedCoreDataUITests.xctest */;
			productType = "com.apple.product-type.bundle.ui-testing";
		};
/* End PBXNativeTarget section */

/* Begin PBXProject section */
		3FCB1A661C96742100C11B2B /* Project object */ = {
			isa = PBXProject;
			attributes = {
				LastSwiftUpdateCheck = 0720;
				LastUpgradeCheck = 0720;
				ORGANIZATIONNAME = Student;
				TargetAttributes = {
					3FCB1A6D1C96742100C11B2B = {
						CreatedOnToolsVersion = 7.2.1;
						DevelopmentTeam = 56AJJ634ZU;
					};
					3FCB1A841C96742100C11B2B = {
						CreatedOnToolsVersion = 7.2.1;
						DevelopmentTeam = 56AJJ634ZU;
						TestTargetID = 3FCB1A6D1C96742100C11B2B;
					};
					3FCB1A8F1C96742100C11B2B = {
						CreatedOnToolsVersion = 7.2.1;
						DevelopmentTeam = 56AJJ634ZU;
						TestTargetID = 3FCB1A6D1C96742100C11B2B;
					};
				};
			};
			buildConfigurationList = 3FCB1A691C96742100C11B2B /* Build configuration list for PBXProject "PushUpUsedCoreData" */;
			compatibilityVersion = "Xcode 3.2";
			developmentRegion = English;
			hasScannedForEncodings = 0;
			knownRegions = (
				en,
				Base,
			);
			mainGroup = 3FCB1A651C96742100C11B2B;
			productRefGroup = 3FCB1A6F1C96742100C11B2B /* Products */;
			projectDirPath = "";
			projectRoot = "";
			targets = (
				3FCB1A6D1C96742100C11B2B /* PushUpUsedCoreData */,
				3FCB1A841C96742100C11B2B /* PushUpUsedCoreDataTests */,
				3FCB1A8F1C96742100C11B2B /* PushUpUsedCoreDataUITests */,
			);
		};
/* End PBXProject section */

/* Begin PBXResourcesBuildPhase section */
		3FCB1A6C1C96742100C11B2B /* Resources */ = {
			isa = PBXResourcesBuildPhase;
			buildActionMask = 2147483647;
			files = (
				3FCB1A7F1C96742100C11B2B /* LaunchScreen.storyboard in Resources */,
				3FCB1AAB1C96751100C11B2B /* Drip.wav in Resources */,
				3FCB1AA91C96750D00C11B2B /* Ka-Ching.wav in Resources */,
				3FCB1A7C1C96742100C11B2B /* Assets.xcassets in Resources */,
				3FCB1AA71C96750700C11B2B /* learnenglish.mp3 in Resources */,
				3FCB1A771C96742100C11B2B /* Main.storyboard in Resources */,
			);
			runOnlyForDeploymentPostprocessing = 0;
		};
		3FCB1A831C96742100C11B2B /* Resources */ = {
			isa = PBXResourcesBuildPhase;
			buildActionMask = 2147483647;
			files = (
			);
			runOnlyForDeploymentPostprocessing = 0;
		};
		3FCB1A8E1C96742100C11B2B /* Resources */ = {
			isa = PBXResourcesBuildPhase;
			buildActionMask = 2147483647;
			files = (
			);
			runOnlyForDeploymentPostprocessing = 0;
		};
/* End PBXResourcesBuildPhase section */

/* Begin PBXSourcesBuildPhase section */
		3FCB1A6A1C96742100C11B2B /* Sources */ = {
			isa = PBXSourcesBuildPhase;
			buildActionMask = 2147483647;
			files = (
				DCB2E3BD1CB7536C00A3A0E0 /* Alert.swift in Sources */,
				3FCB1A741C96742100C11B2B /* ViewController.swift in Sources */,
				3FCB1AAF1C96756A00C11B2B /* TurnEntity.swift in Sources */,
				3FCB1AB11C96761B00C11B2B /* HistoryTVC.swift in Sources */,
				3FCB1A7A1C96742100C11B2B /* PushUpUsedCoreData.xcdatamodeld in Sources */,
				3FCB1AA31C96744800C11B2B /* ScreenView.swift in Sources */,
				3FCB1A721C96742100C11B2B /* AppDelegate.swift in Sources */,
				3FCB1AA51C96746100C11B2B /* MTAutoLayout.swift in Sources */,
				3FCB1AAE1C96756A00C11B2B /* TurnEntity+CoreDataProperties.swift in Sources */,
			);
			runOnlyForDeploymentPostprocessing = 0;
		};
		3FCB1A811C96742100C11B2B /* Sources */ = {
			isa = PBXSourcesBuildPhase;
			buildActionMask = 2147483647;
			files = (
				3FCB1A8A1C96742100C11B2B /* PushUpUsedCoreDataTests.swift in Sources */,
			);
			runOnlyForDeploymentPostprocessing = 0;
		};
		3FCB1A8C1C96742100C11B2B /* Sources */ = {
			isa = PBXSourcesBuildPhase;
			buildActionMask = 2147483647;
			files = (
				3FCB1A951C96742100C11B2B /* PushUpUsedCoreDataUITests.swift in Sources */,
			);
			runOnlyForDeploymentPostprocessing = 0;
		};
/* End PBXSourcesBuildPhase section */

/* Begin PBXTargetDependency section */
		3FCB1A871C96742100C11B2B /* PBXTargetDependency */ = {
			isa = PBXTargetDependency;
			target = 3FCB1A6D1C96742100C11B2B /* PushUpUsedCoreData */;
			targetProxy = 3FCB1A861C96742100C11B2B /* PBXContainerItemProxy */;
		};
		3FCB1A921C96742100C11B2B /* PBXTargetDependency */ = {
			isa = PBXTargetDependency;
			target = 3FCB1A6D1C96742100C11B2B /* PushUpUsedCoreData */;
			targetProxy = 3FCB1A911C96742100C11B2B /* PBXContainerItemProxy */;
		};
/* End PBXTargetDependency section */

/* Begin PBXVariantGroup section */
		3FCB1A751C96742100C11B2B /* Main.storyboard */ = {
			isa = PBXVariantGroup;
			children = (
				3FCB1A761C96742100C11B2B /* Base */,
			);
			name = Main.storyboard;
			sourceTree = "<group>";
		};
		3FCB1A7D1C96742100C11B2B /* LaunchScreen.storyboard */ = {
			isa = PBXVariantGroup;
			children = (
				3FCB1A7E1C96742100C11B2B /* Base */,
			);
			name = LaunchScreen.storyboard;
			sourceTree = "<group>";
		};
/* End PBXVariantGroup section */

/* Begin XCBuildConfiguration section */
		3FCB1A971C96742100C11B2B /* Debug */ = {
			isa = XCBuildConfiguration;
			buildSettings = {
				ALWAYS_SEARCH_USER_PATHS = NO;
				CLANG_CXX_LANGUAGE_STANDARD = "gnu++0x";
				CLANG_CXX_LIBRARY = "libc++";
				CLANG_ENABLE_MODULES = YES;
				CLANG_ENABLE_OBJC_ARC = YES;
				CLANG_WARN_BOOL_CONVERSION = YES;
				CLANG_WARN_CONSTANT_CONVERSION = YES;
				CLANG_WARN_DIRECT_OBJC_ISA_USAGE = YES_ERROR;
				CLANG_WARN_EMPTY_BODY = YES;
				CLANG_WARN_ENUM_CONVERSION = YES;
				CLANG_WARN_INT_CONVERSION = YES;
				CLANG_WARN_OBJC_ROOT_CLASS = YES_ERROR;
				CLANG_WARN_UNREACHABLE_CODE = YES;
				CLANG_WARN__DUPLICATE_METHOD_MATCH = YES;
				"CODE_SIGN_IDENTITY[sdk=iphoneos*]" = "iPhone Developer";
				COPY_PHASE_STRIP = NO;
				DEBUG_INFORMATION_FORMAT = dwarf;
				ENABLE_STRICT_OBJC_MSGSEND = YES;
				ENABLE_TESTABILITY = YES;
				GCC_C_LANGUAGE_STANDARD = gnu99;
				GCC_DYNAMIC_NO_PIC = NO;
				GCC_NO_COMMON_BLOCKS = YES;
				GCC_OPTIMIZATION_LEVEL = 0;
				GCC_PREPROCESSOR_DEFINITIONS = (
					"DEBUG=1",
					"$(inherited)",
				);
				GCC_WARN_64_TO_32_BIT_CONVERSION = YES;
				GCC_WARN_ABOUT_RETURN_TYPE = YES_ERROR;
				GCC_WARN_UNDECLARED_SELECTOR = YES;
				GCC_WARN_UNINITIALIZED_AUTOS = YES_AGGRESSIVE;
				GCC_WARN_UNUSED_FUNCTION = YES;
				GCC_WARN_UNUSED_VARIABLE = YES;
				IPHONEOS_DEPLOYMENT_TARGET = 9.2;
				MTL_ENABLE_DEBUG_INFO = YES;
				ONLY_ACTIVE_ARCH = YES;
				SDKROOT = iphoneos;
				SWIFT_OPTIMIZATION_LEVEL = "-Onone";
				TARGETED_DEVICE_FAMILY = "1,2";
			};
			name = Debug;
		};
		3FCB1A981C96742100C11B2B /* Release */ = {
			isa = XCBuildConfiguration;
			buildSettings = {
				ALWAYS_SEARCH_USER_PATHS = NO;
				CLANG_CXX_LANGUAGE_STANDARD = "gnu++0x";
				CLANG_CXX_LIBRARY = "libc++";
				CLANG_ENABLE_MODULES = YES;
				CLANG_ENABLE_OBJC_ARC = YES;
				CLANG_WARN_BOOL_CONVERSION = YES;
				CLANG_WARN_CONSTANT_CONVERSION = YES;
				CLANG_WARN_DIRECT_OBJC_ISA_USAGE = YES_ERROR;
				CLANG_WARN_EMPTY_BODY = YES;
				CLANG_WARN_ENUM_CONVERSION = YES;
				CLANG_WARN_INT_CONVERSION = YES;
				CLANG_WARN_OBJC_ROOT_CLASS = YES_ERROR;
				CLANG_WARN_UNREACHABLE_CODE = YES;
				CLANG_WARN__DUPLICATE_METHOD_MATCH = YES;
				"CODE_SIGN_IDENTITY[sdk=iphoneos*]" = "iPhone Developer";
				COPY_PHASE_STRIP = NO;
				DEBUG_INFORMATION_FORMAT = "dwarf-with-dsym";
				ENABLE_NS_ASSERTIONS = NO;
				ENABLE_STRICT_OBJC_MSGSEND = YES;
				GCC_C_LANGUAGE_STANDARD = gnu99;
				GCC_NO_COMMON_BLOCKS = YES;
				GCC_WARN_64_TO_32_BIT_CONVERSION = YES;
				GCC_WARN_ABOUT_RETURN_TYPE = YES_ERROR;
				GCC_WARN_UNDECLARED_SELECTOR = YES;
				GCC_WARN_UNINITIALIZED_AUTOS = YES_AGGRESSIVE;
				GCC_WARN_UNUSED_FUNCTION = YES;
				GCC_WARN_UNUSED_VARIABLE = YES;
				IPHONEOS_DEPLOYMENT_TARGET = 9.2;
				MTL_ENABLE_DEBUG_INFO = NO;
				SDKROOT = iphoneos;
				TARGETED_DEVICE_FAMILY = "1,2";
				VALIDATE_PRODUCT = YES;
			};
			name = Release;
		};
		3FCB1A9A1C96742100C11B2B /* Debug */ = {
			isa = XCBuildConfiguration;
			buildSettings = {
				ASSETCATALOG_COMPILER_APPICON_NAME = AppIcon;
				INFOPLIST_FILE = PushUpUsedCoreData/Info.plist;
				LD_RUNPATH_SEARCH_PATHS = "$(inherited) @executable_path/Frameworks";
				PRODUCT_BUNDLE_IDENTIFIER = origin.PushUpUsedCoreData;
				PRODUCT_NAME = "$(TARGET_NAME)";
			};
			name = Debug;
		};
		3FCB1A9B1C96742100C11B2B /* Release */ = {
			isa = XCBuildConfiguration;
			buildSettings = {
				ASSETCATALOG_COMPILER_APPICON_NAME = AppIcon;
				INFOPLIST_FILE = PushUpUsedCoreData/Info.plist;
				LD_RUNPATH_SEARCH_PATHS = "$(inherited) @executable_path/Frameworks";
				PRODUCT_BUNDLE_IDENTIFIER = origin.PushUpUsedCoreData;
				PRODUCT_NAME = "$(TARGET_NAME)";
			};
			name = Release;
		};
		3FCB1A9D1C96742100C11B2B /* Debug */ = {
			isa = XCBuildConfiguration;
			buildSettings = {
				BUNDLE_LOADER = "$(TEST_HOST)";
				INFOPLIST_FILE = PushUpUsedCoreDataTests/Info.plist;
				LD_RUNPATH_SEARCH_PATHS = "$(inherited) @executable_path/Frameworks @loader_path/Frameworks";
				PRODUCT_BUNDLE_IDENTIFIER = origin.PushUpUsedCoreDataTests;
				PRODUCT_NAME = "$(TARGET_NAME)";
				TEST_HOST = "$(BUILT_PRODUCTS_DIR)/PushUpUsedCoreData.app/PushUpUsedCoreData";
			};
			name = Debug;
		};
		3FCB1A9E1C96742100C11B2B /* Release */ = {
			isa = XCBuildConfiguration;
			buildSettings = {
				BUNDLE_LOADER = "$(TEST_HOST)";
				INFOPLIST_FILE = PushUpUsedCoreDataTests/Info.plist;
				LD_RUNPATH_SEARCH_PATHS = "$(inherited) @executable_path/Frameworks @loader_path/Frameworks";
				PRODUCT_BUNDLE_IDENTIFIER = origin.PushUpUsedCoreDataTests;
				PRODUCT_NAME = "$(TARGET_NAME)";
				TEST_HOST = "$(BUILT_PRODUCTS_DIR)/PushUpUsedCoreData.app/PushUpUsedCoreData";
			};
			name = Release;
		};
		3FCB1AA01C96742100C11B2B /* Debug */ = {
			isa = XCBuildConfiguration;
			buildSettings = {
				INFOPLIST_FILE = PushUpUsedCoreDataUITests/Info.plist;
				LD_RUNPATH_SEARCH_PATHS = "$(inherited) @executable_path/Frameworks @loader_path/Frameworks";
				PRODUCT_BUNDLE_IDENTIFIER = origin.PushUpUsedCoreDataUITests;
				PRODUCT_NAME = "$(TARGET_NAME)";
				TEST_TARGET_NAME = PushUpUsedCoreData;
				USES_XCTRUNNER = YES;
			};
			name = Debug;
		};
		3FCB1AA11C96742100C11B2B /* Release */ = {
			isa = XCBuildConfiguration;
			buildSettings = {
				INFOPLIST_FILE = PushUpUsedCoreDataUITests/Info.plist;
				LD_RUNPATH_SEARCH_PATHS = "$(inherited) @executable_path/Frameworks @loader_path/Frameworks";
				PRODUCT_BUNDLE_IDENTIFIER = origin.PushUpUsedCoreDataUITests;
				PRODUCT_NAME = "$(TARGET_NAME)";
				TEST_TARGET_NAME = PushUpUsedCoreData;
				USES_XCTRUNNER = YES;
			};
			name = Release;
		};
/* End XCBuildConfiguration section */

/* Begin XCConfigurationList section */
		3FCB1A691C96742100C11B2B /* Build configuration list for PBXProject "PushUpUsedCoreData" */ = {
			isa = XCConfigurationList;
			buildConfigurations = (
				3FCB1A971C96742100C11B2B /* Debug */,
				3FCB1A981C96742100C11B2B /* Release */,
			);
			defaultConfigurationIsVisible = 0;
			defaultConfigurationName = Release;
		};
		3FCB1A991C96742100C11B2B /* Build configuration list for PBXNativeTarget "PushUpUsedCoreData" */ = {
			isa = XCConfigurationList;
			buildConfigurations = (
				3FCB1A9A1C96742100C11B2B /* Debug */,
				3FCB1A9B1C96742100C11B2B /* Release */,
			);
			defaultConfigurationIsVisible = 0;
			defaultConfigurationName = Release;
		};
		3FCB1A9C1C96742100C11B2B /* Build configuration list for PBXNativeTarget "PushUpUsedCoreDataTests" */ = {
			isa = XCConfigurationList;
			buildConfigurations = (
				3FCB1A9D1C96742100C11B2B /* Debug */,
				3FCB1A9E1C96742100C11B2B /* Release */,
			);
			defaultConfigurationIsVisible = 0;
			defaultConfigurationName = Release;
		};
		3FCB1A9F1C96742100C11B2B /* Build configuration list for PBXNativeTarget "PushUpUsedCoreDataUITests" */ = {
			isa = XCConfigurationList;
			buildConfigurations = (
				3FCB1AA01C96742100C11B2B /* Debug */,
				3FCB1AA11C96742100C11B2B /* Release */,
			);
			defaultConfigurationIsVisible = 0;
			defaultConfigurationName = Release;
		};
/* End XCConfigurationList section */

/* Begin XCVersionGroup section */
		3FCB1A781C96742100C11B2B /* PushUpUsedCoreData.xcdatamodeld */ = {
			isa = XCVersionGroup;
			children = (
				3FCB1A791C96742100C11B2B /* PushUpUsedCoreData.xcdatamodel */,
			);
			currentVersion = 3FCB1A791C96742100C11B2B /* PushUpUsedCoreData.xcdatamodel */;
			path = PushUpUsedCoreData.xcdatamodeld;
			sourceTree = "<group>";
			versionGroupType = wrapper.xcdatamodel;
		};
/* End XCVersionGroup section */
	};
	rootObject = 3FCB1A661C96742100C11B2B /* Project object */;
}
